// !$*UTF8*$!
{
	archiveVersion = 1;
	classes = {
	};
	objectVersion = 50;
	objects = {

/* Begin PBXBuildFile section */
		14BAB0F624F3D82A00CEA8EB /* AppDelegate.m in Sources */ = {isa = PBXBuildFile; fileRef = 14BAB0F524F3D82A00CEA8EB /* AppDelegate.m */; };
		14BAB0F824F3D82E00CEA8EB /* Assets.xcassets in Resources */ = {isa = PBXBuildFile; fileRef = 14BAB0F724F3D82E00CEA8EB /* Assets.xcassets */; };
		14BAB0FB24F3D82E00CEA8EB /* MainMenu.xib in Resources */ = {isa = PBXBuildFile; fileRef = 14BAB0F924F3D82E00CEA8EB /* MainMenu.xib */; };
		14BAB0FE24F3D82E00CEA8EB /* main.m in Sources */ = {isa = PBXBuildFile; fileRef = 14BAB0FD24F3D82E00CEA8EB /* main.m */; };
		14BAB10824F3D90800CEA8EB /* AM2901.m in Sources */ = {isa = PBXBuildFile; fileRef = 14BAB10724F3D90800CEA8EB /* AM2901.m */; };
		14BAB10B24F3D94400CEA8EB /* CentralProcessor.m in Sources */ = {isa = PBXBuildFile; fileRef = 14BAB10A24F3D94400CEA8EB /* CentralProcessor.m */; };
		14BAB11124F3D9EE00CEA8EB /* MacroInstruction.m in Sources */ = {isa = PBXBuildFile; fileRef = 14BAB11024F3D9EE00CEA8EB /* MacroInstruction.m */; };
		14BAB11424F3D9FE00CEA8EB /* MicroInstruction.m in Sources */ = {isa = PBXBuildFile; fileRef = 14BAB11324F3D9FE00CEA8EB /* MicroInstruction.m */; };
		14BAB11824F3DA5900CEA8EB /* DisplayController.m in Sources */ = {isa = PBXBuildFile; fileRef = 14BAB11724F3DA5900CEA8EB /* DisplayController.m */; };
/* End PBXBuildFile section */

/* Begin PBXFileReference section */
		14BAB0F124F3D82A00CEA8EB /* D.app */ = {isa = PBXFileReference; explicitFileType = wrapper.application; includeInIndex = 0; path = D.app; sourceTree = BUILT_PRODUCTS_DIR; };
		14BAB0F424F3D82A00CEA8EB /* AppDelegate.h */ = {isa = PBXFileReference; lastKnownFileType = sourcecode.c.h; path = AppDelegate.h; sourceTree = "<group>"; };
		14BAB0F524F3D82A00CEA8EB /* AppDelegate.m */ = {isa = PBXFileReference; lastKnownFileType = sourcecode.c.objc; path = AppDelegate.m; sourceTree = "<group>"; };
		14BAB0F724F3D82E00CEA8EB /* Assets.xcassets */ = {isa = PBXFileReference; lastKnownFileType = folder.assetcatalog; path = Assets.xcassets; sourceTree = "<group>"; };
		14BAB0FA24F3D82E00CEA8EB /* Base */ = {isa = PBXFileReference; lastKnownFileType = file.xib; name = Base; path = Base.lproj/MainMenu.xib; sourceTree = "<group>"; };
		14BAB0FC24F3D82E00CEA8EB /* Info.plist */ = {isa = PBXFileReference; lastKnownFileType = text.plist.xml; path = Info.plist; sourceTree = "<group>"; };
		14BAB0FD24F3D82E00CEA8EB /* main.m */ = {isa = PBXFileReference; lastKnownFileType = sourcecode.c.objc; path = main.m; sourceTree = "<group>"; };
		14BAB0FF24F3D82E00CEA8EB /* D.entitlements */ = {isa = PBXFileReference; lastKnownFileType = text.plist.entitlements; path = D.entitlements; sourceTree = "<group>"; };
		14BAB10624F3D90800CEA8EB /* AM2901.h */ = {isa = PBXFileReference; lastKnownFileType = sourcecode.c.h; path = AM2901.h; sourceTree = "<group>"; };
		14BAB10724F3D90800CEA8EB /* AM2901.m */ = {isa = PBXFileReference; lastKnownFileType = sourcecode.c.objc; path = AM2901.m; sourceTree = "<group>"; };
		14BAB10924F3D94400CEA8EB /* CentralProcessor.h */ = {isa = PBXFileReference; lastKnownFileType = sourcecode.c.h; path = CentralProcessor.h; sourceTree = "<group>"; };
		14BAB10A24F3D94400CEA8EB /* CentralProcessor.m */ = {isa = PBXFileReference; lastKnownFileType = sourcecode.c.objc; path = CentralProcessor.m; sourceTree = "<group>"; };
		14BAB10F24F3D9EE00CEA8EB /* MacroInstruction.h */ = {isa = PBXFileReference; lastKnownFileType = sourcecode.c.h; path = MacroInstruction.h; sourceTree = "<group>"; };
		14BAB11024F3D9EE00CEA8EB /* MacroInstruction.m */ = {isa = PBXFileReference; lastKnownFileType = sourcecode.c.objc; path = MacroInstruction.m; sourceTree = "<group>"; };
		14BAB11224F3D9FE00CEA8EB /* MicroInstruction.h */ = {isa = PBXFileReference; lastKnownFileType = sourcecode.c.h; path = MicroInstruction.h; sourceTree = "<group>"; };
		14BAB11324F3D9FE00CEA8EB /* MicroInstruction.m */ = {isa = PBXFileReference; lastKnownFileType = sourcecode.c.objc; path = MicroInstruction.m; sourceTree = "<group>"; };
		14BAB11624F3DA5900CEA8EB /* DisplayController.h */ = {isa = PBXFileReference; lastKnownFileType = sourcecode.c.h; path = DisplayController.h; sourceTree = "<group>"; };
		14BAB11724F3DA5900CEA8EB /* DisplayController.m */ = {isa = PBXFileReference; lastKnownFileType = sourcecode.c.objc; path = DisplayController.m; sourceTree = "<group>"; };
/* End PBXFileReference section */

/* Begin PBXFrameworksBuildPhase section */
		14BAB0EE24F3D82A00CEA8EB /* Frameworks */ = {
			isa = PBXFrameworksBuildPhase;
			buildActionMask = 2147483647;
			files = (
			);
			runOnlyForDeploymentPostprocessing = 0;
		};
/* End PBXFrameworksBuildPhase section */

/* Begin PBXGroup section */
		14BAB0E824F3D82A00CEA8EB = {
			isa = PBXGroup;
			children = (
				14BAB0F324F3D82A00CEA8EB /* D */,
				14BAB0F224F3D82A00CEA8EB /* Products */,
			);
			sourceTree = "<group>";
		};
		14BAB0F224F3D82A00CEA8EB /* Products */ = {
			isa = PBXGroup;
			children = (
				14BAB0F124F3D82A00CEA8EB /* D.app */,
			);
			name = Products;
			sourceTree = "<group>";
		};
		14BAB0F324F3D82A00CEA8EB /* D */ = {
			isa = PBXGroup;
			children = (
				14BAB11524F3DA4000CEA8EB /* Display */,
				14BAB10524F3D8C000CEA8EB /* CP */,
				14BAB0F424F3D82A00CEA8EB /* AppDelegate.h */,
				14BAB0F524F3D82A00CEA8EB /* AppDelegate.m */,
				14BAB0F724F3D82E00CEA8EB /* Assets.xcassets */,
				14BAB0F924F3D82E00CEA8EB /* MainMenu.xib */,
				14BAB0FC24F3D82E00CEA8EB /* Info.plist */,
				14BAB0FD24F3D82E00CEA8EB /* main.m */,
				14BAB0FF24F3D82E00CEA8EB /* D.entitlements */,
			);
			path = D;
			sourceTree = "<group>";
		};
		14BAB10524F3D8C000CEA8EB /* CP */ = {
			isa = PBXGroup;
			children = (
				14BAB10624F3D90800CEA8EB /* AM2901.h */,
				14BAB10724F3D90800CEA8EB /* AM2901.m */,
				14BAB10924F3D94400CEA8EB /* CentralProcessor.h */,
				14BAB10A24F3D94400CEA8EB /* CentralProcessor.m */,
				14BAB10F24F3D9EE00CEA8EB /* MacroInstruction.h */,
				14BAB11024F3D9EE00CEA8EB /* MacroInstruction.m */,
				14BAB11224F3D9FE00CEA8EB /* MicroInstruction.h */,
				14BAB11324F3D9FE00CEA8EB /* MicroInstruction.m */,
			);
			path = CP;
			sourceTree = "<group>";
		};
		14BAB11524F3DA4000CEA8EB /* Display */ = {
			isa = PBXGroup;
			children = (
				14BAB11624F3DA5900CEA8EB /* DisplayController.h */,
				14BAB11724F3DA5900CEA8EB /* DisplayController.m */,
			);
			path = Display;
			sourceTree = "<group>";
		};
/* End PBXGroup section */

/* Begin PBXNativeTarget section */
		14BAB0F024F3D82A00CEA8EB /* D */ = {
			isa = PBXNativeTarget;
			buildConfigurationList = 14BAB10224F3D82E00CEA8EB /* Build configuration list for PBXNativeTarget "D" */;
			buildPhases = (
				14BAB0ED24F3D82A00CEA8EB /* Sources */,
				14BAB0EE24F3D82A00CEA8EB /* Frameworks */,
				14BAB0EF24F3D82A00CEA8EB /* Resources */,
			);
			buildRules = (
			);
			dependencies = (
			);
			name = D;
			productName = D;
			productReference = 14BAB0F124F3D82A00CEA8EB /* D.app */;
			productType = "com.apple.product-type.application";
		};
/* End PBXNativeTarget section */

/* Begin PBXProject section */
		14BAB0E924F3D82A00CEA8EB /* Project object */ = {
			isa = PBXProject;
			attributes = {
				LastUpgradeCheck = 1160;
				ORGANIZATIONNAME = "Open Logic Corporation";
				TargetAttributes = {
					14BAB0F024F3D82A00CEA8EB = {
						CreatedOnToolsVersion = 11.6;
					};
				};
			};
			buildConfigurationList = 14BAB0EC24F3D82A00CEA8EB /* Build configuration list for PBXProject "D" */;
			compatibilityVersion = "Xcode 9.3";
			developmentRegion = en;
			hasScannedForEncodings = 0;
			knownRegions = (
				en,
				Base,
			);
			mainGroup = 14BAB0E824F3D82A00CEA8EB;
			productRefGroup = 14BAB0F224F3D82A00CEA8EB /* Products */;
			projectDirPath = "";
			projectRoot = "";
			targets = (
				14BAB0F024F3D82A00CEA8EB /* D */,
			);
		};
/* End PBXProject section */

/* Begin PBXResourcesBuildPhase section */
		14BAB0EF24F3D82A00CEA8EB /* Resources */ = {
			isa = PBXResourcesBuildPhase;
			buildActionMask = 2147483647;
			files = (
				14BAB0F824F3D82E00CEA8EB /* Assets.xcassets in Resources */,
				14BAB0FB24F3D82E00CEA8EB /* MainMenu.xib in Resources */,
			);
			runOnlyForDeploymentPostprocessing = 0;
		};
/* End PBXResourcesBuildPhase section */

/* Begin PBXSourcesBuildPhase section */
		14BAB0ED24F3D82A00CEA8EB /* Sources */ = {
			isa = PBXSourcesBuildPhase;
			buildActionMask = 2147483647;
			files = (
				14BAB11824F3DA5900CEA8EB /* DisplayController.m in Sources */,
				14BAB0FE24F3D82E00CEA8EB /* main.m in Sources */,
				14BAB10824F3D90800CEA8EB /* AM2901.m in Sources */,
				14BAB11124F3D9EE00CEA8EB /* MacroInstruction.m in Sources */,
				14BAB10B24F3D94400CEA8EB /* CentralProcessor.m in Sources */,
				14BAB0F624F3D82A00CEA8EB /* AppDelegate.m in Sources */,
				14BAB11424F3D9FE00CEA8EB /* MicroInstruction.m in Sources */,
			);
			runOnlyForDeploymentPostprocessing = 0;
		};
/* End PBXSourcesBuildPhase section */

/* Begin PBXVariantGroup section */
		14BAB0F924F3D82E00CEA8EB /* MainMenu.xib */ = {
			isa = PBXVariantGroup;
			children = (
				14BAB0FA24F3D82E00CEA8EB /* Base */,
			);
			name = MainMenu.xib;
			sourceTree = "<group>";
		};
/* End PBXVariantGroup section */

/* Begin XCBuildConfiguration section */
		14BAB10024F3D82E00CEA8EB /* Debug */ = {
			isa = XCBuildConfiguration;
			buildSettings = {
				ALWAYS_SEARCH_USER_PATHS = NO;
				CLANG_ANALYZER_NONNULL = YES;
				CLANG_ANALYZER_NUMBER_OBJECT_CONVERSION = YES_AGGRESSIVE;
				CLANG_CXX_LANGUAGE_STANDARD = "gnu++14";
				CLANG_CXX_LIBRARY = "libc++";
				CLANG_ENABLE_MODULES = YES;
				CLANG_ENABLE_OBJC_ARC = YES;
				CLANG_ENABLE_OBJC_WEAK = YES;
				CLANG_WARN_BLOCK_CAPTURE_AUTORELEASING = YES;
				CLANG_WARN_BOOL_CONVERSION = YES;
				CLANG_WARN_COMMA = YES;
				CLANG_WARN_CONSTANT_CONVERSION = YES;
				CLANG_WARN_DEPRECATED_OBJC_IMPLEMENTATIONS = YES;
				CLANG_WARN_DIRECT_OBJC_ISA_USAGE = YES_ERROR;
				CLANG_WARN_DOCUMENTATION_COMMENTS = YES;
				CLANG_WARN_EMPTY_BODY = YES;
				CLANG_WARN_ENUM_CONVERSION = YES;
				CLANG_WARN_INFINITE_RECURSION = YES;
				CLANG_WARN_INT_CONVERSION = YES;
				CLANG_WARN_NON_LITERAL_NULL_CONVERSION = YES;
				CLANG_WARN_OBJC_IMPLICIT_RETAIN_SELF = YES;
				CLANG_WARN_OBJC_LITERAL_CONVERSION = YES;
				CLANG_WARN_OBJC_ROOT_CLASS = YES_ERROR;
				CLANG_WARN_RANGE_LOOP_ANALYSIS = YES;
				CLANG_WARN_STRICT_PROTOTYPES = YES;
				CLANG_WARN_SUSPICIOUS_MOVE = YES;
				CLANG_WARN_UNGUARDED_AVAILABILITY = YES_AGGRESSIVE;
				CLANG_WARN_UNREACHABLE_CODE = YES;
				CLANG_WARN__DUPLICATE_METHOD_MATCH = YES;
				COPY_PHASE_STRIP = NO;
				DEBUG_INFORMATION_FORMAT = dwarf;
				ENABLE_STRICT_OBJC_MSGSEND = YES;
				ENABLE_TESTABILITY = YES;
				GCC_C_LANGUAGE_STANDARD = gnu11;
				GCC_DYNAMIC_NO_PIC = NO;
				GCC_NO_COMMON_BLOCKS = YES;
				GCC_OPTIMIZATION_LEVEL = 0;
				GCC_PREPROCESSOR_DEFINITIONS = (
					"DEBUG=1",
					"$(inherited)",
				);
				GCC_WARN_64_TO_32_BIT_CONVERSION = YES;
				GCC_WARN_ABOUT_RETURN_TYPE = YES_ERROR;
				GCC_WARN_UNDECLARED_SELECTOR = YES;
				GCC_WARN_UNINITIALIZED_AUTOS = YES_AGGRESSIVE;
				GCC_WARN_UNUSED_FUNCTION = YES;
				GCC_WARN_UNUSED_VARIABLE = YES;
				MACOSX_DEPLOYMENT_TARGET = 10.15;
				MTL_ENABLE_DEBUG_INFO = INCLUDE_SOURCE;
				MTL_FAST_MATH = YES;
				ONLY_ACTIVE_ARCH = YES;
				SDKROOT = macosx;
			};
			name = Debug;
		};
		14BAB10124F3D82E00CEA8EB /* Release */ = {
			isa = XCBuildConfiguration;
			buildSettings = {
				ALWAYS_SEARCH_USER_PATHS = NO;
				CLANG_ANALYZER_NONNULL = YES;
				CLANG_ANALYZER_NUMBER_OBJECT_CONVERSION = YES_AGGRESSIVE;
				CLANG_CXX_LANGUAGE_STANDARD = "gnu++14";
				CLANG_CXX_LIBRARY = "libc++";
				CLANG_ENABLE_MODULES = YES;
				CLANG_ENABLE_OBJC_ARC = YES;
				CLANG_ENABLE_OBJC_WEAK = YES;
				CLANG_WARN_BLOCK_CAPTURE_AUTORELEASING = YES;
				CLANG_WARN_BOOL_CONVERSION = YES;
				CLANG_WARN_COMMA = YES;
				CLANG_WARN_CONSTANT_CONVERSION = YES;
				CLANG_WARN_DEPRECATED_OBJC_IMPLEMENTATIONS = YES;
				CLANG_WARN_DIRECT_OBJC_ISA_USAGE = YES_ERROR;
				CLANG_WARN_DOCUMENTATION_COMMENTS = YES;
				CLANG_WARN_EMPTY_BODY = YES;
				CLANG_WARN_ENUM_CONVERSION = YES;
				CLANG_WARN_INFINITE_RECURSION = YES;
				CLANG_WARN_INT_CONVERSION = YES;
				CLANG_WARN_NON_LITERAL_NULL_CONVERSION = YES;
				CLANG_WARN_OBJC_IMPLICIT_RETAIN_SELF = YES;
				CLANG_WARN_OBJC_LITERAL_CONVERSION = YES;
				CLANG_WARN_OBJC_ROOT_CLASS = YES_ERROR;
				CLANG_WARN_RANGE_LOOP_ANALYSIS = YES;
				CLANG_WARN_STRICT_PROTOTYPES = YES;
				CLANG_WARN_SUSPICIOUS_MOVE = YES;
				CLANG_WARN_UNGUARDED_AVAILABILITY = YES_AGGRESSIVE;
				CLANG_WARN_UNREACHABLE_CODE = YES;
				CLANG_WARN__DUPLICATE_METHOD_MATCH = YES;
				COPY_PHASE_STRIP = NO;
				DEBUG_INFORMATION_FORMAT = "dwarf-with-dsym";
				ENABLE_NS_ASSERTIONS = NO;
				ENABLE_STRICT_OBJC_MSGSEND = YES;
				GCC_C_LANGUAGE_STANDARD = gnu11;
				GCC_NO_COMMON_BLOCKS = YES;
				GCC_WARN_64_TO_32_BIT_CONVERSION = YES;
				GCC_WARN_ABOUT_RETURN_TYPE = YES_ERROR;
				GCC_WARN_UNDECLARED_SELECTOR = YES;
				GCC_WARN_UNINITIALIZED_AUTOS = YES_AGGRESSIVE;
				GCC_WARN_UNUSED_FUNCTION = YES;
				GCC_WARN_UNUSED_VARIABLE = YES;
				MACOSX_DEPLOYMENT_TARGET = 10.15;
				MTL_ENABLE_DEBUG_INFO = NO;
				MTL_FAST_MATH = YES;
				SDKROOT = macosx;
			};
			name = Release;
		};
		14BAB10324F3D82E00CEA8EB /* Debug */ = {
			isa = XCBuildConfiguration;
			buildSettings = {
				ASSETCATALOG_COMPILER_APPICON_NAME = AppIcon;
				CODE_SIGN_ENTITLEMENTS = D/D.entitlements;
				CODE_SIGN_STYLE = Automatic;
				COMBINE_HIDPI_IMAGES = YES;
				INFOPLIST_FILE = D/Info.plist;
				LD_RUNPATH_SEARCH_PATHS = (
					"$(inherited)",
					"@executable_path/../Frameworks",
				);
				PRODUCT_BUNDLE_IDENTIFIER = com.olc.D;
				PRODUCT_NAME = "$(TARGET_NAME)";
			};
			name = Debug;
		};
		14BAB10424F3D82E00CEA8EB /* Release */ = {
			isa = XCBuildConfiguration;
			buildSettings = {
				ASSETCATALOG_COMPILER_APPICON_NAME = AppIcon;
				CODE_SIGN_ENTITLEMENTS = D/D.entitlements;
				CODE_SIGN_STYLE = Automatic;
				COMBINE_HIDPI_IMAGES = YES;
				INFOPLIST_FILE = D/Info.plist;
				LD_RUNPATH_SEARCH_PATHS = (
					"$(inherited)",
					"@executable_path/../Frameworks",
				);
				PRODUCT_BUNDLE_IDENTIFIER = com.olc.D;
				PRODUCT_NAME = "$(TARGET_NAME)";
			};
			name = Release;
		};
/* End XCBuildConfiguration section */

/* Begin XCConfigurationList section */
		14BAB0EC24F3D82A00CEA8EB /* Build configuration list for PBXProject "D" */ = {
			isa = XCConfigurationList;
			buildConfigurations = (
				14BAB10024F3D82E00CEA8EB /* Debug */,
				14BAB10124F3D82E00CEA8EB /* Release */,
			);
			defaultConfigurationIsVisible = 0;
			defaultConfigurationName = Release;
		};
		14BAB10224F3D82E00CEA8EB /* Build configuration list for PBXNativeTarget "D" */ = {
			isa = XCConfigurationList;
			buildConfigurations = (
				14BAB10324F3D82E00CEA8EB /* Debug */,
				14BAB10424F3D82E00CEA8EB /* Release */,
			);
			defaultConfigurationIsVisible = 0;
			defaultConfigurationName = Release;
		};
/* End XCConfigurationList section */
	};
	rootObject = 14BAB0E924F3D82A00CEA8EB /* Project object */;
}
